
Microsoft Visual Studio Solution File, Format Version 12.00
# Visual Studio Version 17
VisualStudioVersion = 17.0.31903.59
MinimumVisualStudioVersion = 10.0.40219.1
Project("{FAE04EC0-301F-11D3-BF4B-00C04F79EFBC}") = "Batik.Core", "Batik.Core\Batik.Core.csproj", "{6BB7AD75-E0EB-45F0-930A-59FA0BDF0DF4}"
EndProject
Project("{FAE04EC0-301F-11D3-BF4B-00C04F79EFBC}") = "Batik.UI.WinUI", "Batik.UI.WinUI\Batik.UI.WinUI.csproj", "{0574C567-2017-4734-AB3D-C28E62E4721F}"
EndProject
Project("{FAE04EC0-301F-11D3-BF4B-00C04F79EFBC}") = "Batik.UI.Mac", "Batik.UI.Mac\Batik.UI.Mac.csproj", "{82A4F460-8BA4-480B-8D8B-D588F8CB54A4}"
EndProject
Global
	GlobalSection(SolutionConfigurationPlatforms) = preSolution
		Debug|Any CPU = Debug|Any CPU
		Debug|ARM64 = Debug|ARM64
		Debug|x64 = Debug|x64
		Debug|x86 = Debug|x86
		Release|Any CPU = Release|Any CPU
		Release|ARM64 = Release|ARM64
		Release|x64 = Release|x64
		Release|x86 = Release|x86
	EndGlobalSection
	GlobalSection(ProjectConfigurationPlatforms) = postSolution
		{6BB7AD75-E0EB-45F0-930A-59FA0BDF0DF4}.Debug|Any CPU.ActiveCfg = Debug|Any CPU
		{6BB7AD75-E0EB-45F0-930A-59FA0BDF0DF4}.Debug|Any CPU.Build.0 = Debug|Any CPU
		{6BB7AD75-E0EB-45F0-930A-59FA0BDF0DF4}.Debug|ARM64.ActiveCfg = Debug|Any CPU
		{6BB7AD75-E0EB-45F0-930A-59FA0BDF0DF4}.Debug|ARM64.Build.0 = Debug|Any CPU
		{6BB7AD75-E0EB-45F0-930A-59FA0BDF0DF4}.Debug|x64.ActiveCfg = Debug|Any CPU
		{6BB7AD75-E0EB-45F0-930A-59FA0BDF0DF4}.Debug|x64.Build.0 = Debug|Any CPU
		{6BB7AD75-E0EB-45F0-930A-59FA0BDF0DF4}.Debug|x86.ActiveCfg = Debug|Any CPU
		{6BB7AD75-E0EB-45F0-930A-59FA0BDF0DF4}.Debug|x86.Build.0 = Debug|Any CPU
		{6BB7AD75-E0EB-45F0-930A-59FA0BDF0DF4}.Release|Any CPU.ActiveCfg = Release|Any CPU
		{6BB7AD75-E0EB-45F0-930A-59FA0BDF0DF4}.Release|Any CPU.Build.0 = Release|Any CPU
		{6BB7AD75-E0EB-45F0-930A-59FA0BDF0DF4}.Release|ARM64.ActiveCfg = Release|Any CPU
		{6BB7AD75-E0EB-45F0-930A-59FA0BDF0DF4}.Release|ARM64.Build.0 = Release|Any CPU
		{6BB7AD75-E0EB-45F0-930A-59FA0BDF0DF4}.Release|x64.ActiveCfg = Release|Any CPU
		{6BB7AD75-E0EB-45F0-930A-59FA0BDF0DF4}.Release|x64.Build.0 = Release|Any CPU
		{6BB7AD75-E0EB-45F0-930A-59FA0BDF0DF4}.Release|x86.ActiveCfg = Release|Any CPU
		{6BB7AD75-E0EB-45F0-930A-59FA0BDF0DF4}.Release|x86.Build.0 = Release|Any CPU
		{0574C567-2017-4734-AB3D-C28E62E4721F}.Debug|Any CPU.ActiveCfg = Debug|x64
		{0574C567-2017-4734-AB3D-C28E62E4721F}.Debug|Any CPU.Build.0 = Debug|x64
		{0574C567-2017-4734-AB3D-C28E62E4721F}.Debug|Any CPU.Deploy.0 = Debug|x64
		{0574C567-2017-4734-AB3D-C28E62E4721F}.Debug|ARM64.ActiveCfg = Debug|ARM64
		{0574C567-2017-4734-AB3D-C28E62E4721F}.Debug|ARM64.Build.0 = Debug|ARM64
		{0574C567-2017-4734-AB3D-C28E62E4721F}.Debug|ARM64.Deploy.0 = Debug|ARM64
		{0574C567-2017-4734-AB3D-C28E62E4721F}.Debug|x64.ActiveCfg = Debug|x64
		{0574C567-2017-4734-AB3D-C28E62E4721F}.Debug|x64.Build.0 = Debug|x64
		{0574C567-2017-4734-AB3D-C28E62E4721F}.Debug|x64.Deploy.0 = Debug|x64
		{0574C567-2017-4734-AB3D-C28E62E4721F}.Debug|x86.ActiveCfg = Debug|x86
		{0574C567-2017-4734-AB3D-C28E62E4721F}.Debug|x86.Build.0 = Debug|x86
		{0574C567-2017-4734-AB3D-C28E62E4721F}.Debug|x86.Deploy.0 = Debug|x86
		{0574C567-2017-4734-AB3D-C28E62E4721F}.Release|Any CPU.ActiveCfg = Release|x64
		{0574C567-2017-4734-AB3D-C28E62E4721F}.Release|Any CPU.Build.0 = Release|x64
		{0574C567-2017-4734-AB3D-C28E62E4721F}.Release|Any CPU.Deploy.0 = Release|x64
		{0574C567-2017-4734-AB3D-C28E62E4721F}.Release|ARM64.ActiveCfg = Release|ARM64
		{0574C567-2017-4734-AB3D-C28E62E4721F}.Release|ARM64.Build.0 = Release|ARM64
		{0574C567-2017-4734-AB3D-C28E62E4721F}.Release|ARM64.Deploy.0 = Release|ARM64
		{0574C567-2017-4734-AB3D-C28E62E4721F}.Release|x64.ActiveCfg = Release|x64
		{0574C567-2017-4734-AB3D-C28E62E4721F}.Release|x64.Build.0 = Release|x64
		{0574C567-2017-4734-AB3D-C28E62E4721F}.Release|x64.Deploy.0 = Release|x64
		{0574C567-2017-4734-AB3D-C28E62E4721F}.Release|x86.ActiveCfg = Release|x86
		{0574C567-2017-4734-AB3D-C28E62E4721F}.Release|x86.Build.0 = Release|x86
		{0574C567-2017-4734-AB3D-C28E62E4721F}.Release|x86.Deploy.0 = Release|x86
		{82A4F460-8BA4-480B-8D8B-D588F8CB54A4}.Debug|Any CPU.ActiveCfg = Debug|Any CPU
		{82A4F460-8BA4-480B-8D8B-D588F8CB54A4}.Debug|Any CPU.Build.0 = Debug|Any CPU
		{82A4F460-8BA4-480B-8D8B-D588F8CB54A4}.Debug|ARM64.ActiveCfg = Debug|Any CPU
		{82A4F460-8BA4-480B-8D8B-D588F8CB54A4}.Debug|ARM64.Build.0 = Debug|Any CPU
		{82A4F460-8BA4-480B-8D8B-D588F8CB54A4}.Debug|x64.ActiveCfg = Debug|Any CPU
		{82A4F460-8BA4-480B-8D8B-D588F8CB54A4}.Debug|x64.Build.0 = Debug|Any CPU
		{82A4F460-8BA4-480B-8D8B-D588F8CB54A4}.Debug|x86.ActiveCfg = Debug|Any CPU
		{82A4F460-8BA4-480B-8D8B-D588F8CB54A4}.Debug|x86.Build.0 = Debug|Any CPU
		{82A4F460-8BA4-480B-8D8B-D588F8CB54A4}.Release|Any CPU.ActiveCfg = Release|Any CPU
		{82A4F460-8BA4-480B-8D8B-D588F8CB54A4}.Release|Any CPU.Build.0 = Release|Any CPU
		{82A4F460-8BA4-480B-8D8B-D588F8CB54A4}.Release|ARM64.ActiveCfg = Release|Any CPU
		{82A4F460-8BA4-480B-8D8B-D588F8CB54A4}.Release|ARM64.Build.0 = Release|Any CPU
		{82A4F460-8BA4-480B-8D8B-D588F8CB54A4}.Release|x64.ActiveCfg = Release|Any CPU
		{82A4F460-8BA4-480B-8D8B-D588F8CB54A4}.Release|x64.Build.0 = Release|Any CPU
		{82A4F460-8BA4-480B-8D8B-D588F8CB54A4}.Release|x86.ActiveCfg = Release|Any CPU
		{82A4F460-8BA4-480B-8D8B-D588F8CB54A4}.Release|x86.Build.0 = Release|Any CPU
	EndGlobalSection
	GlobalSection(SolutionProperties) = preSolution
		HideSolutionNode = FALSE
	EndGlobalSection
	GlobalSection(ExtensibilityGlobals) = postSolution
		SolutionGuid = {7A08B5E0-C79D-4419-B49C-0FF7A1D1604B}
	EndGlobalSection
EndGlobal
